
Microsoft Visual Studio Solution File, Format Version 12.00
# Visual Studio Version 17
VisualStudioVersion = 17.1.32421.90
MinimumVisualStudioVersion = 10.0.40219.1
Project("{FAE04EC0-301F-11D3-BF4B-00C04F79EFBC}") = "PontoonProject", "PontoonProject.csproj", "{ADF4E6D7-92C5-4EF8-95CF-1EF92D655992}"
EndProject
Global
	GlobalSection(SolutionConfigurationPlatforms) = preSolution
		Debug|Any CPU = Debug|Any CPU
		Release|Any CPU = Release|Any CPU
	EndGlobalSection
	GlobalSection(ProjectConfigurationPlatforms) = postSolution
		{ADF4E6D7-92C5-4EF8-95CF-1EF92D655992}.Debug|Any CPU.ActiveCfg = Debug|Any CPU
		{ADF4E6D7-92C5-4EF8-95CF-1EF92D655992}.Debug|Any CPU.Build.0 = Debug|Any CPU
		{ADF4E6D7-92C5-4EF8-95CF-1EF92D655992}.Release|Any CPU.ActiveCfg = Release|Any CPU
		{ADF4E6D7-92C5-4EF8-95CF-1EF92D655992}.Release|Any CPU.Build.0 = Release|Any CPU
	EndGlobalSection
	GlobalSection(SolutionProperties) = preSolution
		HideSolutionNode = FALSE
	EndGlobalSection
	GlobalSection(ExtensibilityGlobals) = postSolution
		SolutionGuid = {4EE97EE5-8BD0-4037-893A-EF95A8305A59}
	EndGlobalSection
EndGlobal
